// !$*UTF8*$!
{
	archiveVersion = 1;
	classes = {
	};
	objectVersion = 50;
	objects = {

/* Begin PBXBuildFile section */
		6F63E1B223438F22005C5970 /* AppDelegate.swift in Sources */ = {isa = PBXBuildFile; fileRef = 6F63E1B123438F22005C5970 /* AppDelegate.swift */; };
		6F63E1B423438F22005C5970 /* SceneDelegate.swift in Sources */ = {isa = PBXBuildFile; fileRef = 6F63E1B323438F22005C5970 /* SceneDelegate.swift */; };
		6F63E1B923438F22005C5970 /* Main.storyboard in Resources */ = {isa = PBXBuildFile; fileRef = 6F63E1B723438F22005C5970 /* Main.storyboard */; };
		6F63E1BB23438F23005C5970 /* Assets.xcassets in Resources */ = {isa = PBXBuildFile; fileRef = 6F63E1BA23438F23005C5970 /* Assets.xcassets */; };
		6F63E1BE23438F23005C5970 /* LaunchScreen.storyboard in Resources */ = {isa = PBXBuildFile; fileRef = 6F63E1BC23438F23005C5970 /* LaunchScreen.storyboard */; };
		6F63E1E323438FAD005C5970 /* EmojiArtViewController.swift in Sources */ = {isa = PBXBuildFile; fileRef = 6F63E1E223438FAD005C5970 /* EmojiArtViewController.swift */; };
		6F63E1E523439002005C5970 /* EmojiArtView.swift in Sources */ = {isa = PBXBuildFile; fileRef = 6F63E1E423439002005C5970 /* EmojiArtView.swift */; };
		6F63E1E723439507005C5970 /* Utilities.swift in Sources */ = {isa = PBXBuildFile; fileRef = 6F63E1E623439507005C5970 /* Utilities.swift */; };
		6F63E1E92343C664005C5970 /* EmojiArtDocumentTableViewController.swift in Sources */ = {isa = PBXBuildFile; fileRef = 6F63E1E82343C664005C5970 /* EmojiArtDocumentTableViewController.swift */; };
/* End PBXBuildFile section */

/* Begin PBXContainerItemProxy section */
		6F63E1C523438F24005C5970 /* PBXContainerItemProxy */ = {
			isa = PBXContainerItemProxy;
			containerPortal = 6F63E1A623438F21005C5970 /* Project object */;
			proxyType = 1;
			remoteGlobalIDString = 6F63E1AD23438F22005C5970;
			remoteInfo = EmojiArt;
		};
		6F63E1D023438F24005C5970 /* PBXContainerItemProxy */ = {
			isa = PBXContainerItemProxy;
			containerPortal = 6F63E1A623438F21005C5970 /* Project object */;
			proxyType = 1;
			remoteGlobalIDString = 6F63E1AD23438F22005C5970;
			remoteInfo = EmojiArt;
		};
/* End PBXContainerItemProxy section */

/* Begin PBXFileReference section */
		6F63E1AE23438F22005C5970 /* EmojiArt.app */ = {isa = PBXFileReference; explicitFileType = wrapper.application; includeInIndex = 0; path = EmojiArt.app; sourceTree = BUILT_PRODUCTS_DIR; };
		6F63E1B123438F22005C5970 /* AppDelegate.swift */ = {isa = PBXFileReference; lastKnownFileType = sourcecode.swift; path = AppDelegate.swift; sourceTree = "<group>"; };
		6F63E1B323438F22005C5970 /* SceneDelegate.swift */ = {isa = PBXFileReference; lastKnownFileType = sourcecode.swift; path = SceneDelegate.swift; sourceTree = "<group>"; };
		6F63E1B823438F22005C5970 /* Base */ = {isa = PBXFileReference; lastKnownFileType = file.storyboard; name = Base; path = Base.lproj/Main.storyboard; sourceTree = "<group>"; };
		6F63E1BA23438F23005C5970 /* Assets.xcassets */ = {isa = PBXFileReference; lastKnownFileType = folder.assetcatalog; path = Assets.xcassets; sourceTree = "<group>"; };
		6F63E1BD23438F23005C5970 /* Base */ = {isa = PBXFileReference; lastKnownFileType = file.storyboard; name = Base; path = Base.lproj/LaunchScreen.storyboard; sourceTree = "<group>"; };
		6F63E1BF23438F23005C5970 /* Info.plist */ = {isa = PBXFileReference; lastKnownFileType = text.plist.xml; path = Info.plist; sourceTree = "<group>"; };
		6F63E1C423438F24005C5970 /* EmojiArtTests.xctest */ = {isa = PBXFileReference; explicitFileType = wrapper.cfbundle; includeInIndex = 0; path = EmojiArtTests.xctest; sourceTree = BUILT_PRODUCTS_DIR; };
		6F63E1CF23438F24005C5970 /* EmojiArtUITests.xctest */ = {isa = PBXFileReference; explicitFileType = wrapper.cfbundle; includeInIndex = 0; path = EmojiArtUITests.xctest; sourceTree = BUILT_PRODUCTS_DIR; };
		6F63E1E223438FAD005C5970 /* EmojiArtViewController.swift */ = {isa = PBXFileReference; lastKnownFileType = sourcecode.swift; path = EmojiArtViewController.swift; sourceTree = "<group>"; };
		6F63E1E423439002005C5970 /* EmojiArtView.swift */ = {isa = PBXFileReference; lastKnownFileType = sourcecode.swift; path = EmojiArtView.swift; sourceTree = "<group>"; };
		6F63E1E623439507005C5970 /* Utilities.swift */ = {isa = PBXFileReference; lastKnownFileType = sourcecode.swift; path = Utilities.swift; sourceTree = "<group>"; };
		6F63E1E82343C664005C5970 /* EmojiArtDocumentTableViewController.swift */ = {isa = PBXFileReference; lastKnownFileType = sourcecode.swift; path = EmojiArtDocumentTableViewController.swift; sourceTree = "<group>"; };
/* End PBXFileReference section */

/* Begin PBXFrameworksBuildPhase section */
		6F63E1AB23438F22005C5970 /* Frameworks */ = {
			isa = PBXFrameworksBuildPhase;
			buildActionMask = 2147483647;
			files = (
			);
			runOnlyForDeploymentPostprocessing = 0;
		};
		6F63E1C123438F24005C5970 /* Frameworks */ = {
			isa = PBXFrameworksBuildPhase;
			buildActionMask = 2147483647;
			files = (
			);
			runOnlyForDeploymentPostprocessing = 0;
		};
		6F63E1CC23438F24005C5970 /* Frameworks */ = {
			isa = PBXFrameworksBuildPhase;
			buildActionMask = 2147483647;
			files = (
			);
			runOnlyForDeploymentPostprocessing = 0;
		};
/* End PBXFrameworksBuildPhase section */

/* Begin PBXGroup section */
		6F63E1A523438F21005C5970 = {
			isa = PBXGroup;
			children = (
				6F63E1B023438F22005C5970 /* EmojiArt */,
				6F63E1AF23438F22005C5970 /* Products */,
			);
			sourceTree = "<group>";
		};
		6F63E1AF23438F22005C5970 /* Products */ = {
			isa = PBXGroup;
			children = (
				6F63E1AE23438F22005C5970 /* EmojiArt.app */,
				6F63E1C423438F24005C5970 /* EmojiArtTests.xctest */,
				6F63E1CF23438F24005C5970 /* EmojiArtUITests.xctest */,
			);
			name = Products;
			sourceTree = "<group>";
		};
		6F63E1B023438F22005C5970 /* EmojiArt */ = {
			isa = PBXGroup;
			children = (
				6F63E1B723438F22005C5970 /* Main.storyboard */,
				6F63E1BF23438F23005C5970 /* Info.plist */,
				6F63E1E223438FAD005C5970 /* EmojiArtViewController.swift */,
				6F63E1E123438F47005C5970 /* Support Files */,
				6F63E1E423439002005C5970 /* EmojiArtView.swift */,
				6F63E1E623439507005C5970 /* Utilities.swift */,
				6F63E1E82343C664005C5970 /* EmojiArtDocumentTableViewController.swift */,
			);
			path = EmojiArt;
			sourceTree = "<group>";
		};
		6F63E1E123438F47005C5970 /* Support Files */ = {
			isa = PBXGroup;
			children = (
				6F63E1B123438F22005C5970 /* AppDelegate.swift */,
				6F63E1B323438F22005C5970 /* SceneDelegate.swift */,
				6F63E1BA23438F23005C5970 /* Assets.xcassets */,
				6F63E1BC23438F23005C5970 /* LaunchScreen.storyboard */,
			);
			path = "Support Files";
			sourceTree = "<group>";
		};
/* End PBXGroup section */

/* Begin PBXNativeTarget section */
		6F63E1AD23438F22005C5970 /* EmojiArt */ = {
			isa = PBXNativeTarget;
			buildConfigurationList = 6F63E1D823438F24005C5970 /* Build configuration list for PBXNativeTarget "EmojiArt" */;
			buildPhases = (
				6F63E1AA23438F22005C5970 /* Sources */,
				6F63E1AB23438F22005C5970 /* Frameworks */,
				6F63E1AC23438F22005C5970 /* Resources */,
			);
			buildRules = (
			);
			dependencies = (
			);
			name = EmojiArt;
			productName = EmojiArt;
			productReference = 6F63E1AE23438F22005C5970 /* EmojiArt.app */;
			productType = "com.apple.product-type.application";
		};
		6F63E1C323438F24005C5970 /* EmojiArtTests */ = {
			isa = PBXNativeTarget;
			buildConfigurationList = 6F63E1DB23438F24005C5970 /* Build configuration list for PBXNativeTarget "EmojiArtTests" */;
			buildPhases = (
				6F63E1C023438F24005C5970 /* Sources */,
				6F63E1C123438F24005C5970 /* Frameworks */,
				6F63E1C223438F24005C5970 /* Resources */,
			);
			buildRules = (
			);
			dependencies = (
				6F63E1C623438F24005C5970 /* PBXTargetDependency */,
			);
			name = EmojiArtTests;
			productName = EmojiArtTests;
			productReference = 6F63E1C423438F24005C5970 /* EmojiArtTests.xctest */;
			productType = "com.apple.product-type.bundle.unit-test";
		};
		6F63E1CE23438F24005C5970 /* EmojiArtUITests */ = {
			isa = PBXNativeTarget;
			buildConfigurationList = 6F63E1DE23438F24005C5970 /* Build configuration list for PBXNativeTarget "EmojiArtUITests" */;
			buildPhases = (
				6F63E1CB23438F24005C5970 /* Sources */,
				6F63E1CC23438F24005C5970 /* Frameworks */,
				6F63E1CD23438F24005C5970 /* Resources */,
			);
			buildRules = (
			);
			dependencies = (
				6F63E1D123438F24005C5970 /* PBXTargetDependency */,
			);
			name = EmojiArtUITests;
			productName = EmojiArtUITests;
			productReference = 6F63E1CF23438F24005C5970 /* EmojiArtUITests.xctest */;
			productType = "com.apple.product-type.bundle.ui-testing";
		};
/* End PBXNativeTarget section */

/* Begin PBXProject section */
		6F63E1A623438F21005C5970 /* Project object */ = {
			isa = PBXProject;
			attributes = {
				LastSwiftUpdateCheck = 1100;
				LastUpgradeCheck = 1100;
				ORGANIZATIONNAME = "Thalles Araújo";
				TargetAttributes = {
					6F63E1AD23438F22005C5970 = {
						CreatedOnToolsVersion = 11.0;
					};
					6F63E1C323438F24005C5970 = {
						CreatedOnToolsVersion = 11.0;
						TestTargetID = 6F63E1AD23438F22005C5970;
					};
					6F63E1CE23438F24005C5970 = {
						CreatedOnToolsVersion = 11.0;
						TestTargetID = 6F63E1AD23438F22005C5970;
					};
				};
			};
			buildConfigurationList = 6F63E1A923438F22005C5970 /* Build configuration list for PBXProject "EmojiArt" */;
			compatibilityVersion = "Xcode 9.3";
			developmentRegion = en;
			hasScannedForEncodings = 0;
			knownRegions = (
				en,
				Base,
			);
			mainGroup = 6F63E1A523438F21005C5970;
			productRefGroup = 6F63E1AF23438F22005C5970 /* Products */;
			projectDirPath = "";
			projectRoot = "";
			targets = (
				6F63E1AD23438F22005C5970 /* EmojiArt */,
				6F63E1C323438F24005C5970 /* EmojiArtTests */,
				6F63E1CE23438F24005C5970 /* EmojiArtUITests */,
			);
		};
/* End PBXProject section */

/* Begin PBXResourcesBuildPhase section */
		6F63E1AC23438F22005C5970 /* Resources */ = {
			isa = PBXResourcesBuildPhase;
			buildActionMask = 2147483647;
			files = (
				6F63E1BE23438F23005C5970 /* LaunchScreen.storyboard in Resources */,
				6F63E1BB23438F23005C5970 /* Assets.xcassets in Resources */,
				6F63E1B923438F22005C5970 /* Main.storyboard in Resources */,
			);
			runOnlyForDeploymentPostprocessing = 0;
		};
		6F63E1C223438F24005C5970 /* Resources */ = {
			isa = PBXResourcesBuildPhase;
			buildActionMask = 2147483647;
			files = (
			);
			runOnlyForDeploymentPostprocessing = 0;
		};
		6F63E1CD23438F24005C5970 /* Resources */ = {
			isa = PBXResourcesBuildPhase;
			buildActionMask = 2147483647;
			files = (
			);
			runOnlyForDeploymentPostprocessing = 0;
		};
/* End PBXResourcesBuildPhase section */

/* Begin PBXSourcesBuildPhase section */
		6F63E1AA23438F22005C5970 /* Sources */ = {
			isa = PBXSourcesBuildPhase;
			buildActionMask = 2147483647;
			files = (
				6F63E1B223438F22005C5970 /* AppDelegate.swift in Sources */,
				6F63E1E92343C664005C5970 /* EmojiArtDocumentTableViewController.swift in Sources */,
				6F63E1E323438FAD005C5970 /* EmojiArtViewController.swift in Sources */,
				6F63E1B423438F22005C5970 /* SceneDelegate.swift in Sources */,
				6F63E1E723439507005C5970 /* Utilities.swift in Sources */,
				6F63E1E523439002005C5970 /* EmojiArtView.swift in Sources */,
			);
			runOnlyForDeploymentPostprocessing = 0;
		};
		6F63E1C023438F24005C5970 /* Sources */ = {
			isa = PBXSourcesBuildPhase;
			buildActionMask = 2147483647;
			files = (
			);
			runOnlyForDeploymentPostprocessing = 0;
		};
		6F63E1CB23438F24005C5970 /* Sources */ = {
			isa = PBXSourcesBuildPhase;
			buildActionMask = 2147483647;
			files = (
			);
			runOnlyForDeploymentPostprocessing = 0;
		};
/* End PBXSourcesBuildPhase section */

/* Begin PBXTargetDependency section */
		6F63E1C623438F24005C5970 /* PBXTargetDependency */ = {
			isa = PBXTargetDependency;
			target = 6F63E1AD23438F22005C5970 /* EmojiArt */;
			targetProxy = 6F63E1C523438F24005C5970 /* PBXContainerItemProxy */;
		};
		6F63E1D123438F24005C5970 /* PBXTargetDependency */ = {
			isa = PBXTargetDependency;
			target = 6F63E1AD23438F22005C5970 /* EmojiArt */;
			targetProxy = 6F63E1D023438F24005C5970 /* PBXContainerItemProxy */;
		};
/* End PBXTargetDependency section */

/* Begin PBXVariantGroup section */
		6F63E1B723438F22005C5970 /* Main.storyboard */ = {
			isa = PBXVariantGroup;
			children = (
				6F63E1B823438F22005C5970 /* Base */,
			);
			name = Main.storyboard;
			sourceTree = "<group>";
		};
		6F63E1BC23438F23005C5970 /* LaunchScreen.storyboard */ = {
			isa = PBXVariantGroup;
			children = (
				6F63E1BD23438F23005C5970 /* Base */,
			);
			name = LaunchScreen.storyboard;
			sourceTree = "<group>";
		};
/* End PBXVariantGroup section */

/* Begin XCBuildConfiguration section */
		6F63E1D623438F24005C5970 /* Debug */ = {
			isa = XCBuildConfiguration;
			buildSettings = {
				ALWAYS_SEARCH_USER_PATHS = NO;
				CLANG_ANALYZER_NONNULL = YES;
				CLANG_ANALYZER_NUMBER_OBJECT_CONVERSION = YES_AGGRESSIVE;
				CLANG_CXX_LANGUAGE_STANDARD = "gnu++14";
				CLANG_CXX_LIBRARY = "libc++";
				CLANG_ENABLE_MODULES = YES;
				CLANG_ENABLE_OBJC_ARC = YES;
				CLANG_ENABLE_OBJC_WEAK = YES;
				CLANG_WARN_BLOCK_CAPTURE_AUTORELEASING = YES;
				CLANG_WARN_BOOL_CONVERSION = YES;
				CLANG_WARN_COMMA = YES;
				CLANG_WARN_CONSTANT_CONVERSION = YES;
				CLANG_WARN_DEPRECATED_OBJC_IMPLEMENTATIONS = YES;
				CLANG_WARN_DIRECT_OBJC_ISA_USAGE = YES_ERROR;
				CLANG_WARN_DOCUMENTATION_COMMENTS = YES;
				CLANG_WARN_EMPTY_BODY = YES;
				CLANG_WARN_ENUM_CONVERSION = YES;
				CLANG_WARN_INFINITE_RECURSION = YES;
				CLANG_WARN_INT_CONVERSION = YES;
				CLANG_WARN_NON_LITERAL_NULL_CONVERSION = YES;
				CLANG_WARN_OBJC_IMPLICIT_RETAIN_SELF = YES;
				CLANG_WARN_OBJC_LITERAL_CONVERSION = YES;
				CLANG_WARN_OBJC_ROOT_CLASS = YES_ERROR;
				CLANG_WARN_RANGE_LOOP_ANALYSIS = YES;
				CLANG_WARN_STRICT_PROTOTYPES = YES;
				CLANG_WARN_SUSPICIOUS_MOVE = YES;
				CLANG_WARN_UNGUARDED_AVAILABILITY = YES_AGGRESSIVE;
				CLANG_WARN_UNREACHABLE_CODE = YES;
				CLANG_WARN__DUPLICATE_METHOD_MATCH = YES;
				COPY_PHASE_STRIP = NO;
				DEBUG_INFORMATION_FORMAT = dwarf;
				ENABLE_STRICT_OBJC_MSGSEND = YES;
				ENABLE_TESTABILITY = YES;
				GCC_C_LANGUAGE_STANDARD = gnu11;
				GCC_DYNAMIC_NO_PIC = NO;
				GCC_NO_COMMON_BLOCKS = YES;
				GCC_OPTIMIZATION_LEVEL = 0;
				GCC_PREPROCESSOR_DEFINITIONS = (
					"DEBUG=1",
					"$(inherited)",
				);
				GCC_WARN_64_TO_32_BIT_CONVERSION = YES;
				GCC_WARN_ABOUT_RETURN_TYPE = YES_ERROR;
				GCC_WARN_UNDECLARED_SELECTOR = YES;
				GCC_WARN_UNINITIALIZED_AUTOS = YES_AGGRESSIVE;
				GCC_WARN_UNUSED_FUNCTION = YES;
				GCC_WARN_UNUSED_VARIABLE = YES;
				IPHONEOS_DEPLOYMENT_TARGET = 13.0;
				MTL_ENABLE_DEBUG_INFO = INCLUDE_SOURCE;
				MTL_FAST_MATH = YES;
				ONLY_ACTIVE_ARCH = YES;
				SDKROOT = iphoneos;
				SWIFT_ACTIVE_COMPILATION_CONDITIONS = DEBUG;
				SWIFT_OPTIMIZATION_LEVEL = "-Onone";
			};
			name = Debug;
		};
		6F63E1D723438F24005C5970 /* Release */ = {
			isa = XCBuildConfiguration;
			buildSettings = {
				ALWAYS_SEARCH_USER_PATHS = NO;
				CLANG_ANALYZER_NONNULL = YES;
				CLANG_ANALYZER_NUMBER_OBJECT_CONVERSION = YES_AGGRESSIVE;
				CLANG_CXX_LANGUAGE_STANDARD = "gnu++14";
				CLANG_CXX_LIBRARY = "libc++";
				CLANG_ENABLE_MODULES = YES;
				CLANG_ENABLE_OBJC_ARC = YES;
				CLANG_ENABLE_OBJC_WEAK = YES;
				CLANG_WARN_BLOCK_CAPTURE_AUTORELEASING = YES;
				CLANG_WARN_BOOL_CONVERSION = YES;
				CLANG_WARN_COMMA = YES;
				CLANG_WARN_CONSTANT_CONVERSION = YES;
				CLANG_WARN_DEPRECATED_OBJC_IMPLEMENTATIONS = YES;
				CLANG_WARN_DIRECT_OBJC_ISA_USAGE = YES_ERROR;
				CLANG_WARN_DOCUMENTATION_COMMENTS = YES;
				CLANG_WARN_EMPTY_BODY = YES;
				CLANG_WARN_ENUM_CONVERSION = YES;
				CLANG_WARN_INFINITE_RECURSION = YES;
				CLANG_WARN_INT_CONVERSION = YES;
				CLANG_WARN_NON_LITERAL_NULL_CONVERSION = YES;
				CLANG_WARN_OBJC_IMPLICIT_RETAIN_SELF = YES;
				CLANG_WARN_OBJC_LITERAL_CONVERSION = YES;
				CLANG_WARN_OBJC_ROOT_CLASS = YES_ERROR;
				CLANG_WARN_RANGE_LOOP_ANALYSIS = YES;
				CLANG_WARN_STRICT_PROTOTYPES = YES;
				CLANG_WARN_SUSPICIOUS_MOVE = YES;
				CLANG_WARN_UNGUARDED_AVAILABILITY = YES_AGGRESSIVE;
				CLANG_WARN_UNREACHABLE_CODE = YES;
				CLANG_WARN__DUPLICATE_METHOD_MATCH = YES;
				COPY_PHASE_STRIP = NO;
				DEBUG_INFORMATION_FORMAT = "dwarf-with-dsym";
				ENABLE_NS_ASSERTIONS = NO;
				ENABLE_STRICT_OBJC_MSGSEND = YES;
				GCC_C_LANGUAGE_STANDARD = gnu11;
				GCC_NO_COMMON_BLOCKS = YES;
				GCC_WARN_64_TO_32_BIT_CONVERSION = YES;
				GCC_WARN_ABOUT_RETURN_TYPE = YES_ERROR;
				GCC_WARN_UNDECLARED_SELECTOR = YES;
				GCC_WARN_UNINITIALIZED_AUTOS = YES_AGGRESSIVE;
				GCC_WARN_UNUSED_FUNCTION = YES;
				GCC_WARN_UNUSED_VARIABLE = YES;
				IPHONEOS_DEPLOYMENT_TARGET = 13.0;
				MTL_ENABLE_DEBUG_INFO = NO;
				MTL_FAST_MATH = YES;
				SDKROOT = iphoneos;
				SWIFT_COMPILATION_MODE = wholemodule;
				SWIFT_OPTIMIZATION_LEVEL = "-O";
				VALIDATE_PRODUCT = YES;
			};
			name = Release;
		};
		6F63E1D923438F24005C5970 /* Debug */ = {
			isa = XCBuildConfiguration;
			buildSettings = {
				ASSETCATALOG_COMPILER_APPICON_NAME = AppIcon;
				CODE_SIGN_STYLE = Automatic;
				INFOPLIST_FILE = EmojiArt/Info.plist;
				LD_RUNPATH_SEARCH_PATHS = (
					"$(inherited)",
					"@executable_path/Frameworks",
				);
				PRODUCT_BUNDLE_IDENTIFIER = com.thalles.teste.EmojiArt;
				PRODUCT_NAME = "$(TARGET_NAME)";
				SWIFT_VERSION = 5.0;
				TARGETED_DEVICE_FAMILY = "1,2";
			};
			name = Debug;
		};
		6F63E1DA23438F24005C5970 /* Release */ = {
			isa = XCBuildConfiguration;
			buildSettings = {
				ASSETCATALOG_COMPILER_APPICON_NAME = AppIcon;
				CODE_SIGN_STYLE = Automatic;
				INFOPLIST_FILE = EmojiArt/Info.plist;
				LD_RUNPATH_SEARCH_PATHS = (
					"$(inherited)",
					"@executable_path/Frameworks",
				);
				PRODUCT_BUNDLE_IDENTIFIER = com.thalles.teste.EmojiArt;
				PRODUCT_NAME = "$(TARGET_NAME)";
				SWIFT_VERSION = 5.0;
				TARGETED_DEVICE_FAMILY = "1,2";
			};
			name = Release;
		};
		6F63E1DC23438F24005C5970 /* Debug */ = {
			isa = XCBuildConfiguration;
			buildSettings = {
				ALWAYS_EMBED_SWIFT_STANDARD_LIBRARIES = YES;
				BUNDLE_LOADER = "$(TEST_HOST)";
				CODE_SIGN_STYLE = Automatic;
				INFOPLIST_FILE = EmojiArtTests/Info.plist;
				IPHONEOS_DEPLOYMENT_TARGET = 13.0;
				LD_RUNPATH_SEARCH_PATHS = (
					"$(inherited)",
					"@executable_path/Frameworks",
					"@loader_path/Frameworks",
				);
				PRODUCT_BUNDLE_IDENTIFIER = com.thalles.teste.EmojiArtTests;
				PRODUCT_NAME = "$(TARGET_NAME)";
				SWIFT_VERSION = 5.0;
				TARGETED_DEVICE_FAMILY = "1,2";
				TEST_HOST = "$(BUILT_PRODUCTS_DIR)/EmojiArt.app/EmojiArt";
			};
			name = Debug;
		};
		6F63E1DD23438F24005C5970 /* Release */ = {
			isa = XCBuildConfiguration;
			buildSettings = {
				ALWAYS_EMBED_SWIFT_STANDARD_LIBRARIES = YES;
				BUNDLE_LOADER = "$(TEST_HOST)";
				CODE_SIGN_STYLE = Automatic;
				INFOPLIST_FILE = EmojiArtTests/Info.plist;
				IPHONEOS_DEPLOYMENT_TARGET = 13.0;
				LD_RUNPATH_SEARCH_PATHS = (
					"$(inherited)",
					"@executable_path/Frameworks",
					"@loader_path/Frameworks",
				);
				PRODUCT_BUNDLE_IDENTIFIER = com.thalles.teste.EmojiArtTests;
				PRODUCT_NAME = "$(TARGET_NAME)";
				SWIFT_VERSION = 5.0;
				TARGETED_DEVICE_FAMILY = "1,2";
				TEST_HOST = "$(BUILT_PRODUCTS_DIR)/EmojiArt.app/EmojiArt";
			};
			name = Release;
		};
		6F63E1DF23438F24005C5970 /* Debug */ = {
			isa = XCBuildConfiguration;
			buildSettings = {
				ALWAYS_EMBED_SWIFT_STANDARD_LIBRARIES = YES;
				CODE_SIGN_STYLE = Automatic;
				INFOPLIST_FILE = EmojiArtUITests/Info.plist;
				LD_RUNPATH_SEARCH_PATHS = (
					"$(inherited)",
					"@executable_path/Frameworks",
					"@loader_path/Frameworks",
				);
				PRODUCT_BUNDLE_IDENTIFIER = com.thalles.teste.EmojiArtUITests;
				PRODUCT_NAME = "$(TARGET_NAME)";
				SWIFT_VERSION = 5.0;
				TARGETED_DEVICE_FAMILY = "1,2";
				TEST_TARGET_NAME = EmojiArt;
			};
			name = Debug;
		};
		6F63E1E023438F24005C5970 /* Release */ = {
			isa = XCBuildConfiguration;
			buildSettings = {
				ALWAYS_EMBED_SWIFT_STANDARD_LIBRARIES = YES;
				CODE_SIGN_STYLE = Automatic;
				INFOPLIST_FILE = EmojiArtUITests/Info.plist;
				LD_RUNPATH_SEARCH_PATHS = (
					"$(inherited)",
					"@executable_path/Frameworks",
					"@loader_path/Frameworks",
				);
				PRODUCT_BUNDLE_IDENTIFIER = com.thalles.teste.EmojiArtUITests;
				PRODUCT_NAME = "$(TARGET_NAME)";
				SWIFT_VERSION = 5.0;
				TARGETED_DEVICE_FAMILY = "1,2";
				TEST_TARGET_NAME = EmojiArt;
			};
			name = Release;
		};
/* End XCBuildConfiguration section */

/* Begin XCConfigurationList section */
		6F63E1A923438F22005C5970 /* Build configuration list for PBXProject "EmojiArt" */ = {
			isa = XCConfigurationList;
			buildConfigurations = (
				6F63E1D623438F24005C5970 /* Debug */,
				6F63E1D723438F24005C5970 /* Release */,
			);
			defaultConfigurationIsVisible = 0;
			defaultConfigurationName = Release;
		};
		6F63E1D823438F24005C5970 /* Build configuration list for PBXNativeTarget "EmojiArt" */ = {
			isa = XCConfigurationList;
			buildConfigurations = (
				6F63E1D923438F24005C5970 /* Debug */,
				6F63E1DA23438F24005C5970 /* Release */,
			);
			defaultConfigurationIsVisible = 0;
			defaultConfigurationName = Release;
		};
		6F63E1DB23438F24005C5970 /* Build configuration list for PBXNativeTarget "EmojiArtTests" */ = {
			isa = XCConfigurationList;
			buildConfigurations = (
				6F63E1DC23438F24005C5970 /* Debug */,
				6F63E1DD23438F24005C5970 /* Release */,
			);
			defaultConfigurationIsVisible = 0;
			defaultConfigurationName = Release;
		};
		6F63E1DE23438F24005C5970 /* Build configuration list for PBXNativeTarget "EmojiArtUITests" */ = {
			isa = XCConfigurationList;
			buildConfigurations = (
				6F63E1DF23438F24005C5970 /* Debug */,
				6F63E1E023438F24005C5970 /* Release */,
			);
			defaultConfigurationIsVisible = 0;
			defaultConfigurationName = Release;
		};
/* End XCConfigurationList section */
	};
	rootObject = 6F63E1A623438F21005C5970 /* Project object */;
}
