// !$*UTF8*$!
{
	archiveVersion = 1;
	classes = {
	};
	objectVersion = 50;
	objects = {

/* Begin PBXBuildFile section */
		6FC8630B233CDC0200443FEB /* AppDelegate.swift in Sources */ = {isa = PBXBuildFile; fileRef = 6FC8630A233CDC0200443FEB /* AppDelegate.swift */; };
		6FC8630D233CDC0200443FEB /* SceneDelegate.swift in Sources */ = {isa = PBXBuildFile; fileRef = 6FC8630C233CDC0200443FEB /* SceneDelegate.swift */; };
		6FC8630F233CDC0200443FEB /* ViewController.swift in Sources */ = {isa = PBXBuildFile; fileRef = 6FC8630E233CDC0200443FEB /* ViewController.swift */; };
		6FC86312233CDC0200443FEB /* Main.storyboard in Resources */ = {isa = PBXBuildFile; fileRef = 6FC86310233CDC0200443FEB /* Main.storyboard */; };
		6FC86314233CDC0400443FEB /* Assets.xcassets in Resources */ = {isa = PBXBuildFile; fileRef = 6FC86313233CDC0400443FEB /* Assets.xcassets */; };
		6FC86317233CDC0400443FEB /* LaunchScreen.storyboard in Resources */ = {isa = PBXBuildFile; fileRef = 6FC86315233CDC0400443FEB /* LaunchScreen.storyboard */; };
		6FC8633C233CDC8C00443FEB /* PlayingCard.swift in Sources */ = {isa = PBXBuildFile; fileRef = 6FC8633B233CDC8C00443FEB /* PlayingCard.swift */; };
		6FC8633E233CE19C00443FEB /* PlayingCardDeck.swift in Sources */ = {isa = PBXBuildFile; fileRef = 6FC8633D233CE19C00443FEB /* PlayingCardDeck.swift */; };
		6FC86340233CFF2900443FEB /* PlayingCardView.swift in Sources */ = {isa = PBXBuildFile; fileRef = 6FC8633F233CFF2900443FEB /* PlayingCardView.swift */; };
/* End PBXBuildFile section */

/* Begin PBXContainerItemProxy section */
		6FC8631E233CDC0400443FEB /* PBXContainerItemProxy */ = {
			isa = PBXContainerItemProxy;
			containerPortal = 6FC862FF233CDC0200443FEB /* Project object */;
			proxyType = 1;
			remoteGlobalIDString = 6FC86306233CDC0200443FEB;
			remoteInfo = PlayingCard;
		};
		6FC86329233CDC0400443FEB /* PBXContainerItemProxy */ = {
			isa = PBXContainerItemProxy;
			containerPortal = 6FC862FF233CDC0200443FEB /* Project object */;
			proxyType = 1;
			remoteGlobalIDString = 6FC86306233CDC0200443FEB;
			remoteInfo = PlayingCard;
		};
/* End PBXContainerItemProxy section */

/* Begin PBXFileReference section */
		6FC86307233CDC0200443FEB /* PlayingCard.app */ = {isa = PBXFileReference; explicitFileType = wrapper.application; includeInIndex = 0; path = PlayingCard.app; sourceTree = BUILT_PRODUCTS_DIR; };
		6FC8630A233CDC0200443FEB /* AppDelegate.swift */ = {isa = PBXFileReference; lastKnownFileType = sourcecode.swift; path = AppDelegate.swift; sourceTree = "<group>"; };
		6FC8630C233CDC0200443FEB /* SceneDelegate.swift */ = {isa = PBXFileReference; lastKnownFileType = sourcecode.swift; path = SceneDelegate.swift; sourceTree = "<group>"; };
		6FC8630E233CDC0200443FEB /* ViewController.swift */ = {isa = PBXFileReference; lastKnownFileType = sourcecode.swift; path = ViewController.swift; sourceTree = "<group>"; };
		6FC86311233CDC0200443FEB /* Base */ = {isa = PBXFileReference; lastKnownFileType = file.storyboard; name = Base; path = Base.lproj/Main.storyboard; sourceTree = "<group>"; };
		6FC86313233CDC0400443FEB /* Assets.xcassets */ = {isa = PBXFileReference; lastKnownFileType = folder.assetcatalog; path = Assets.xcassets; sourceTree = "<group>"; };
		6FC86316233CDC0400443FEB /* Base */ = {isa = PBXFileReference; lastKnownFileType = file.storyboard; name = Base; path = Base.lproj/LaunchScreen.storyboard; sourceTree = "<group>"; };
		6FC86318233CDC0400443FEB /* Info.plist */ = {isa = PBXFileReference; lastKnownFileType = text.plist.xml; path = Info.plist; sourceTree = "<group>"; };
		6FC8631D233CDC0400443FEB /* PlayingCardTests.xctest */ = {isa = PBXFileReference; explicitFileType = wrapper.cfbundle; includeInIndex = 0; path = PlayingCardTests.xctest; sourceTree = BUILT_PRODUCTS_DIR; };
		6FC86328233CDC0400443FEB /* PlayingCardUITests.xctest */ = {isa = PBXFileReference; explicitFileType = wrapper.cfbundle; includeInIndex = 0; path = PlayingCardUITests.xctest; sourceTree = BUILT_PRODUCTS_DIR; };
		6FC8633B233CDC8C00443FEB /* PlayingCard.swift */ = {isa = PBXFileReference; lastKnownFileType = sourcecode.swift; path = PlayingCard.swift; sourceTree = "<group>"; };
		6FC8633D233CE19C00443FEB /* PlayingCardDeck.swift */ = {isa = PBXFileReference; lastKnownFileType = sourcecode.swift; path = PlayingCardDeck.swift; sourceTree = "<group>"; };
		6FC8633F233CFF2900443FEB /* PlayingCardView.swift */ = {isa = PBXFileReference; lastKnownFileType = sourcecode.swift; path = PlayingCardView.swift; sourceTree = "<group>"; };
/* End PBXFileReference section */

/* Begin PBXFrameworksBuildPhase section */
		6FC86304233CDC0200443FEB /* Frameworks */ = {
			isa = PBXFrameworksBuildPhase;
			buildActionMask = 2147483647;
			files = (
			);
			runOnlyForDeploymentPostprocessing = 0;
		};
		6FC8631A233CDC0400443FEB /* Frameworks */ = {
			isa = PBXFrameworksBuildPhase;
			buildActionMask = 2147483647;
			files = (
			);
			runOnlyForDeploymentPostprocessing = 0;
		};
		6FC86325233CDC0400443FEB /* Frameworks */ = {
			isa = PBXFrameworksBuildPhase;
			buildActionMask = 2147483647;
			files = (
			);
			runOnlyForDeploymentPostprocessing = 0;
		};
/* End PBXFrameworksBuildPhase section */

/* Begin PBXGroup section */
		6FC862FE233CDC0200443FEB = {
			isa = PBXGroup;
			children = (
				6FC86309233CDC0200443FEB /* PlayingCard */,
				6FC86308233CDC0200443FEB /* Products */,
			);
			sourceTree = "<group>";
		};
		6FC86308233CDC0200443FEB /* Products */ = {
			isa = PBXGroup;
			children = (
				6FC86307233CDC0200443FEB /* PlayingCard.app */,
				6FC8631D233CDC0400443FEB /* PlayingCardTests.xctest */,
				6FC86328233CDC0400443FEB /* PlayingCardUITests.xctest */,
			);
			name = Products;
			sourceTree = "<group>";
		};
		6FC86309233CDC0200443FEB /* PlayingCard */ = {
			isa = PBXGroup;
			children = (
				6FC8633B233CDC8C00443FEB /* PlayingCard.swift */,
				6FC8630E233CDC0200443FEB /* ViewController.swift */,
				6FC86310233CDC0200443FEB /* Main.storyboard */,
				6FC86313233CDC0400443FEB /* Assets.xcassets */,
				6FC86318233CDC0400443FEB /* Info.plist */,
				6FC8633A233CDC5900443FEB /* Supporting Files */,
				6FC8633D233CE19C00443FEB /* PlayingCardDeck.swift */,
				6FC8633F233CFF2900443FEB /* PlayingCardView.swift */,
			);
			path = PlayingCard;
			sourceTree = "<group>";
		};
		6FC8633A233CDC5900443FEB /* Supporting Files */ = {
			isa = PBXGroup;
			children = (
				6FC8630C233CDC0200443FEB /* SceneDelegate.swift */,
				6FC8630A233CDC0200443FEB /* AppDelegate.swift */,
				6FC86315233CDC0400443FEB /* LaunchScreen.storyboard */,
			);
			path = "Supporting Files";
			sourceTree = "<group>";
		};
/* End PBXGroup section */

/* Begin PBXNativeTarget section */
		6FC86306233CDC0200443FEB /* PlayingCard */ = {
			isa = PBXNativeTarget;
			buildConfigurationList = 6FC86331233CDC0400443FEB /* Build configuration list for PBXNativeTarget "PlayingCard" */;
			buildPhases = (
				6FC86303233CDC0200443FEB /* Sources */,
				6FC86304233CDC0200443FEB /* Frameworks */,
				6FC86305233CDC0200443FEB /* Resources */,
			);
			buildRules = (
			);
			dependencies = (
			);
			name = PlayingCard;
			productName = PlayingCard;
			productReference = 6FC86307233CDC0200443FEB /* PlayingCard.app */;
			productType = "com.apple.product-type.application";
		};
		6FC8631C233CDC0400443FEB /* PlayingCardTests */ = {
			isa = PBXNativeTarget;
			buildConfigurationList = 6FC86334233CDC0400443FEB /* Build configuration list for PBXNativeTarget "PlayingCardTests" */;
			buildPhases = (
				6FC86319233CDC0400443FEB /* Sources */,
				6FC8631A233CDC0400443FEB /* Frameworks */,
				6FC8631B233CDC0400443FEB /* Resources */,
			);
			buildRules = (
			);
			dependencies = (
				6FC8631F233CDC0400443FEB /* PBXTargetDependency */,
			);
			name = PlayingCardTests;
			productName = PlayingCardTests;
			productReference = 6FC8631D233CDC0400443FEB /* PlayingCardTests.xctest */;
			productType = "com.apple.product-type.bundle.unit-test";
		};
		6FC86327233CDC0400443FEB /* PlayingCardUITests */ = {
			isa = PBXNativeTarget;
			buildConfigurationList = 6FC86337233CDC0400443FEB /* Build configuration list for PBXNativeTarget "PlayingCardUITests" */;
			buildPhases = (
				6FC86324233CDC0400443FEB /* Sources */,
				6FC86325233CDC0400443FEB /* Frameworks */,
				6FC86326233CDC0400443FEB /* Resources */,
			);
			buildRules = (
			);
			dependencies = (
				6FC8632A233CDC0400443FEB /* PBXTargetDependency */,
			);
			name = PlayingCardUITests;
			productName = PlayingCardUITests;
			productReference = 6FC86328233CDC0400443FEB /* PlayingCardUITests.xctest */;
			productType = "com.apple.product-type.bundle.ui-testing";
		};
/* End PBXNativeTarget section */

/* Begin PBXProject section */
		6FC862FF233CDC0200443FEB /* Project object */ = {
			isa = PBXProject;
			attributes = {
				LastSwiftUpdateCheck = 1100;
				LastUpgradeCheck = 1100;
				ORGANIZATIONNAME = "Thalles Araújo";
				TargetAttributes = {
					6FC86306233CDC0200443FEB = {
						CreatedOnToolsVersion = 11.0;
					};
					6FC8631C233CDC0400443FEB = {
						CreatedOnToolsVersion = 11.0;
						TestTargetID = 6FC86306233CDC0200443FEB;
					};
					6FC86327233CDC0400443FEB = {
						CreatedOnToolsVersion = 11.0;
						TestTargetID = 6FC86306233CDC0200443FEB;
					};
				};
			};
			buildConfigurationList = 6FC86302233CDC0200443FEB /* Build configuration list for PBXProject "PlayingCard" */;
			compatibilityVersion = "Xcode 9.3";
			developmentRegion = en;
			hasScannedForEncodings = 0;
			knownRegions = (
				en,
				Base,
			);
			mainGroup = 6FC862FE233CDC0200443FEB;
			productRefGroup = 6FC86308233CDC0200443FEB /* Products */;
			projectDirPath = "";
			projectRoot = "";
			targets = (
				6FC86306233CDC0200443FEB /* PlayingCard */,
				6FC8631C233CDC0400443FEB /* PlayingCardTests */,
				6FC86327233CDC0400443FEB /* PlayingCardUITests */,
			);
		};
/* End PBXProject section */

/* Begin PBXResourcesBuildPhase section */
		6FC86305233CDC0200443FEB /* Resources */ = {
			isa = PBXResourcesBuildPhase;
			buildActionMask = 2147483647;
			files = (
				6FC86317233CDC0400443FEB /* LaunchScreen.storyboard in Resources */,
				6FC86314233CDC0400443FEB /* Assets.xcassets in Resources */,
				6FC86312233CDC0200443FEB /* Main.storyboard in Resources */,
			);
			runOnlyForDeploymentPostprocessing = 0;
		};
		6FC8631B233CDC0400443FEB /* Resources */ = {
			isa = PBXResourcesBuildPhase;
			buildActionMask = 2147483647;
			files = (
			);
			runOnlyForDeploymentPostprocessing = 0;
		};
		6FC86326233CDC0400443FEB /* Resources */ = {
			isa = PBXResourcesBuildPhase;
			buildActionMask = 2147483647;
			files = (
			);
			runOnlyForDeploymentPostprocessing = 0;
		};
/* End PBXResourcesBuildPhase section */

/* Begin PBXSourcesBuildPhase section */
		6FC86303233CDC0200443FEB /* Sources */ = {
			isa = PBXSourcesBuildPhase;
			buildActionMask = 2147483647;
			files = (
				6FC8630F233CDC0200443FEB /* ViewController.swift in Sources */,
				6FC86340233CFF2900443FEB /* PlayingCardView.swift in Sources */,
				6FC8630B233CDC0200443FEB /* AppDelegate.swift in Sources */,
				6FC8633E233CE19C00443FEB /* PlayingCardDeck.swift in Sources */,
				6FC8633C233CDC8C00443FEB /* PlayingCard.swift in Sources */,
				6FC8630D233CDC0200443FEB /* SceneDelegate.swift in Sources */,
			);
			runOnlyForDeploymentPostprocessing = 0;
		};
		6FC86319233CDC0400443FEB /* Sources */ = {
			isa = PBXSourcesBuildPhase;
			buildActionMask = 2147483647;
			files = (
			);
			runOnlyForDeploymentPostprocessing = 0;
		};
		6FC86324233CDC0400443FEB /* Sources */ = {
			isa = PBXSourcesBuildPhase;
			buildActionMask = 2147483647;
			files = (
			);
			runOnlyForDeploymentPostprocessing = 0;
		};
/* End PBXSourcesBuildPhase section */

/* Begin PBXTargetDependency section */
		6FC8631F233CDC0400443FEB /* PBXTargetDependency */ = {
			isa = PBXTargetDependency;
			target = 6FC86306233CDC0200443FEB /* PlayingCard */;
			targetProxy = 6FC8631E233CDC0400443FEB /* PBXContainerItemProxy */;
		};
		6FC8632A233CDC0400443FEB /* PBXTargetDependency */ = {
			isa = PBXTargetDependency;
			target = 6FC86306233CDC0200443FEB /* PlayingCard */;
			targetProxy = 6FC86329233CDC0400443FEB /* PBXContainerItemProxy */;
		};
/* End PBXTargetDependency section */

/* Begin PBXVariantGroup section */
		6FC86310233CDC0200443FEB /* Main.storyboard */ = {
			isa = PBXVariantGroup;
			children = (
				6FC86311233CDC0200443FEB /* Base */,
			);
			name = Main.storyboard;
			sourceTree = "<group>";
		};
		6FC86315233CDC0400443FEB /* LaunchScreen.storyboard */ = {
			isa = PBXVariantGroup;
			children = (
				6FC86316233CDC0400443FEB /* Base */,
			);
			name = LaunchScreen.storyboard;
			sourceTree = "<group>";
		};
/* End PBXVariantGroup section */

/* Begin XCBuildConfiguration section */
		6FC8632F233CDC0400443FEB /* Debug */ = {
			isa = XCBuildConfiguration;
			buildSettings = {
				ALWAYS_SEARCH_USER_PATHS = NO;
				CLANG_ANALYZER_NONNULL = YES;
				CLANG_ANALYZER_NUMBER_OBJECT_CONVERSION = YES_AGGRESSIVE;
				CLANG_CXX_LANGUAGE_STANDARD = "gnu++14";
				CLANG_CXX_LIBRARY = "libc++";
				CLANG_ENABLE_MODULES = YES;
				CLANG_ENABLE_OBJC_ARC = YES;
				CLANG_ENABLE_OBJC_WEAK = YES;
				CLANG_WARN_BLOCK_CAPTURE_AUTORELEASING = YES;
				CLANG_WARN_BOOL_CONVERSION = YES;
				CLANG_WARN_COMMA = YES;
				CLANG_WARN_CONSTANT_CONVERSION = YES;
				CLANG_WARN_DEPRECATED_OBJC_IMPLEMENTATIONS = YES;
				CLANG_WARN_DIRECT_OBJC_ISA_USAGE = YES_ERROR;
				CLANG_WARN_DOCUMENTATION_COMMENTS = YES;
				CLANG_WARN_EMPTY_BODY = YES;
				CLANG_WARN_ENUM_CONVERSION = YES;
				CLANG_WARN_INFINITE_RECURSION = YES;
				CLANG_WARN_INT_CONVERSION = YES;
				CLANG_WARN_NON_LITERAL_NULL_CONVERSION = YES;
				CLANG_WARN_OBJC_IMPLICIT_RETAIN_SELF = YES;
				CLANG_WARN_OBJC_LITERAL_CONVERSION = YES;
				CLANG_WARN_OBJC_ROOT_CLASS = YES_ERROR;
				CLANG_WARN_RANGE_LOOP_ANALYSIS = YES;
				CLANG_WARN_STRICT_PROTOTYPES = YES;
				CLANG_WARN_SUSPICIOUS_MOVE = YES;
				CLANG_WARN_UNGUARDED_AVAILABILITY = YES_AGGRESSIVE;
				CLANG_WARN_UNREACHABLE_CODE = YES;
				CLANG_WARN__DUPLICATE_METHOD_MATCH = YES;
				COPY_PHASE_STRIP = NO;
				DEBUG_INFORMATION_FORMAT = dwarf;
				ENABLE_STRICT_OBJC_MSGSEND = YES;
				ENABLE_TESTABILITY = YES;
				GCC_C_LANGUAGE_STANDARD = gnu11;
				GCC_DYNAMIC_NO_PIC = NO;
				GCC_NO_COMMON_BLOCKS = YES;
				GCC_OPTIMIZATION_LEVEL = 0;
				GCC_PREPROCESSOR_DEFINITIONS = (
					"DEBUG=1",
					"$(inherited)",
				);
				GCC_WARN_64_TO_32_BIT_CONVERSION = YES;
				GCC_WARN_ABOUT_RETURN_TYPE = YES_ERROR;
				GCC_WARN_UNDECLARED_SELECTOR = YES;
				GCC_WARN_UNINITIALIZED_AUTOS = YES_AGGRESSIVE;
				GCC_WARN_UNUSED_FUNCTION = YES;
				GCC_WARN_UNUSED_VARIABLE = YES;
				IPHONEOS_DEPLOYMENT_TARGET = 13.0;
				MTL_ENABLE_DEBUG_INFO = INCLUDE_SOURCE;
				MTL_FAST_MATH = YES;
				ONLY_ACTIVE_ARCH = YES;
				SDKROOT = iphoneos;
				SWIFT_ACTIVE_COMPILATION_CONDITIONS = DEBUG;
				SWIFT_OPTIMIZATION_LEVEL = "-Onone";
			};
			name = Debug;
		};
		6FC86330233CDC0400443FEB /* Release */ = {
			isa = XCBuildConfiguration;
			buildSettings = {
				ALWAYS_SEARCH_USER_PATHS = NO;
				CLANG_ANALYZER_NONNULL = YES;
				CLANG_ANALYZER_NUMBER_OBJECT_CONVERSION = YES_AGGRESSIVE;
				CLANG_CXX_LANGUAGE_STANDARD = "gnu++14";
				CLANG_CXX_LIBRARY = "libc++";
				CLANG_ENABLE_MODULES = YES;
				CLANG_ENABLE_OBJC_ARC = YES;
				CLANG_ENABLE_OBJC_WEAK = YES;
				CLANG_WARN_BLOCK_CAPTURE_AUTORELEASING = YES;
				CLANG_WARN_BOOL_CONVERSION = YES;
				CLANG_WARN_COMMA = YES;
				CLANG_WARN_CONSTANT_CONVERSION = YES;
				CLANG_WARN_DEPRECATED_OBJC_IMPLEMENTATIONS = YES;
				CLANG_WARN_DIRECT_OBJC_ISA_USAGE = YES_ERROR;
				CLANG_WARN_DOCUMENTATION_COMMENTS = YES;
				CLANG_WARN_EMPTY_BODY = YES;
				CLANG_WARN_ENUM_CONVERSION = YES;
				CLANG_WARN_INFINITE_RECURSION = YES;
				CLANG_WARN_INT_CONVERSION = YES;
				CLANG_WARN_NON_LITERAL_NULL_CONVERSION = YES;
				CLANG_WARN_OBJC_IMPLICIT_RETAIN_SELF = YES;
				CLANG_WARN_OBJC_LITERAL_CONVERSION = YES;
				CLANG_WARN_OBJC_ROOT_CLASS = YES_ERROR;
				CLANG_WARN_RANGE_LOOP_ANALYSIS = YES;
				CLANG_WARN_STRICT_PROTOTYPES = YES;
				CLANG_WARN_SUSPICIOUS_MOVE = YES;
				CLANG_WARN_UNGUARDED_AVAILABILITY = YES_AGGRESSIVE;
				CLANG_WARN_UNREACHABLE_CODE = YES;
				CLANG_WARN__DUPLICATE_METHOD_MATCH = YES;
				COPY_PHASE_STRIP = NO;
				DEBUG_INFORMATION_FORMAT = "dwarf-with-dsym";
				ENABLE_NS_ASSERTIONS = NO;
				ENABLE_STRICT_OBJC_MSGSEND = YES;
				GCC_C_LANGUAGE_STANDARD = gnu11;
				GCC_NO_COMMON_BLOCKS = YES;
				GCC_WARN_64_TO_32_BIT_CONVERSION = YES;
				GCC_WARN_ABOUT_RETURN_TYPE = YES_ERROR;
				GCC_WARN_UNDECLARED_SELECTOR = YES;
				GCC_WARN_UNINITIALIZED_AUTOS = YES_AGGRESSIVE;
				GCC_WARN_UNUSED_FUNCTION = YES;
				GCC_WARN_UNUSED_VARIABLE = YES;
				IPHONEOS_DEPLOYMENT_TARGET = 13.0;
				MTL_ENABLE_DEBUG_INFO = NO;
				MTL_FAST_MATH = YES;
				SDKROOT = iphoneos;
				SWIFT_COMPILATION_MODE = wholemodule;
				SWIFT_OPTIMIZATION_LEVEL = "-O";
				VALIDATE_PRODUCT = YES;
			};
			name = Release;
		};
		6FC86332233CDC0400443FEB /* Debug */ = {
			isa = XCBuildConfiguration;
			buildSettings = {
				ASSETCATALOG_COMPILER_APPICON_NAME = AppIcon;
				CODE_SIGN_STYLE = Automatic;
				INFOPLIST_FILE = PlayingCard/Info.plist;
				LD_RUNPATH_SEARCH_PATHS = (
					"$(inherited)",
					"@executable_path/Frameworks",
				);
				PRODUCT_BUNDLE_IDENTIFIER = com.thalles.teste.PlayingCard;
				PRODUCT_NAME = "$(TARGET_NAME)";
				SWIFT_VERSION = 5.0;
				TARGETED_DEVICE_FAMILY = "1,2";
			};
			name = Debug;
		};
		6FC86333233CDC0400443FEB /* Release */ = {
			isa = XCBuildConfiguration;
			buildSettings = {
				ASSETCATALOG_COMPILER_APPICON_NAME = AppIcon;
				CODE_SIGN_STYLE = Automatic;
				INFOPLIST_FILE = PlayingCard/Info.plist;
				LD_RUNPATH_SEARCH_PATHS = (
					"$(inherited)",
					"@executable_path/Frameworks",
				);
				PRODUCT_BUNDLE_IDENTIFIER = com.thalles.teste.PlayingCard;
				PRODUCT_NAME = "$(TARGET_NAME)";
				SWIFT_VERSION = 5.0;
				TARGETED_DEVICE_FAMILY = "1,2";
			};
			name = Release;
		};
		6FC86335233CDC0400443FEB /* Debug */ = {
			isa = XCBuildConfiguration;
			buildSettings = {
				ALWAYS_EMBED_SWIFT_STANDARD_LIBRARIES = YES;
				BUNDLE_LOADER = "$(TEST_HOST)";
				CODE_SIGN_STYLE = Automatic;
				INFOPLIST_FILE = PlayingCardTests/Info.plist;
				IPHONEOS_DEPLOYMENT_TARGET = 13.0;
				LD_RUNPATH_SEARCH_PATHS = (
					"$(inherited)",
					"@executable_path/Frameworks",
					"@loader_path/Frameworks",
				);
				PRODUCT_BUNDLE_IDENTIFIER = com.thalles.teste.PlayingCardTests;
				PRODUCT_NAME = "$(TARGET_NAME)";
				SWIFT_VERSION = 5.0;
				TARGETED_DEVICE_FAMILY = "1,2";
				TEST_HOST = "$(BUILT_PRODUCTS_DIR)/PlayingCard.app/PlayingCard";
			};
			name = Debug;
		};
		6FC86336233CDC0400443FEB /* Release */ = {
			isa = XCBuildConfiguration;
			buildSettings = {
				ALWAYS_EMBED_SWIFT_STANDARD_LIBRARIES = YES;
				BUNDLE_LOADER = "$(TEST_HOST)";
				CODE_SIGN_STYLE = Automatic;
				INFOPLIST_FILE = PlayingCardTests/Info.plist;
				IPHONEOS_DEPLOYMENT_TARGET = 13.0;
				LD_RUNPATH_SEARCH_PATHS = (
					"$(inherited)",
					"@executable_path/Frameworks",
					"@loader_path/Frameworks",
				);
				PRODUCT_BUNDLE_IDENTIFIER = com.thalles.teste.PlayingCardTests;
				PRODUCT_NAME = "$(TARGET_NAME)";
				SWIFT_VERSION = 5.0;
				TARGETED_DEVICE_FAMILY = "1,2";
				TEST_HOST = "$(BUILT_PRODUCTS_DIR)/PlayingCard.app/PlayingCard";
			};
			name = Release;
		};
		6FC86338233CDC0400443FEB /* Debug */ = {
			isa = XCBuildConfiguration;
			buildSettings = {
				ALWAYS_EMBED_SWIFT_STANDARD_LIBRARIES = YES;
				CODE_SIGN_STYLE = Automatic;
				INFOPLIST_FILE = PlayingCardUITests/Info.plist;
				LD_RUNPATH_SEARCH_PATHS = (
					"$(inherited)",
					"@executable_path/Frameworks",
					"@loader_path/Frameworks",
				);
				PRODUCT_BUNDLE_IDENTIFIER = com.thalles.teste.PlayingCardUITests;
				PRODUCT_NAME = "$(TARGET_NAME)";
				SWIFT_VERSION = 5.0;
				TARGETED_DEVICE_FAMILY = "1,2";
				TEST_TARGET_NAME = PlayingCard;
			};
			name = Debug;
		};
		6FC86339233CDC0400443FEB /* Release */ = {
			isa = XCBuildConfiguration;
			buildSettings = {
				ALWAYS_EMBED_SWIFT_STANDARD_LIBRARIES = YES;
				CODE_SIGN_STYLE = Automatic;
				INFOPLIST_FILE = PlayingCardUITests/Info.plist;
				LD_RUNPATH_SEARCH_PATHS = (
					"$(inherited)",
					"@executable_path/Frameworks",
					"@loader_path/Frameworks",
				);
				PRODUCT_BUNDLE_IDENTIFIER = com.thalles.teste.PlayingCardUITests;
				PRODUCT_NAME = "$(TARGET_NAME)";
				SWIFT_VERSION = 5.0;
				TARGETED_DEVICE_FAMILY = "1,2";
				TEST_TARGET_NAME = PlayingCard;
			};
			name = Release;
		};
/* End XCBuildConfiguration section */

/* Begin XCConfigurationList section */
		6FC86302233CDC0200443FEB /* Build configuration list for PBXProject "PlayingCard" */ = {
			isa = XCConfigurationList;
			buildConfigurations = (
				6FC8632F233CDC0400443FEB /* Debug */,
				6FC86330233CDC0400443FEB /* Release */,
			);
			defaultConfigurationIsVisible = 0;
			defaultConfigurationName = Release;
		};
		6FC86331233CDC0400443FEB /* Build configuration list for PBXNativeTarget "PlayingCard" */ = {
			isa = XCConfigurationList;
			buildConfigurations = (
				6FC86332233CDC0400443FEB /* Debug */,
				6FC86333233CDC0400443FEB /* Release */,
			);
			defaultConfigurationIsVisible = 0;
			defaultConfigurationName = Release;
		};
		6FC86334233CDC0400443FEB /* Build configuration list for PBXNativeTarget "PlayingCardTests" */ = {
			isa = XCConfigurationList;
			buildConfigurations = (
				6FC86335233CDC0400443FEB /* Debug */,
				6FC86336233CDC0400443FEB /* Release */,
			);
			defaultConfigurationIsVisible = 0;
			defaultConfigurationName = Release;
		};
		6FC86337233CDC0400443FEB /* Build configuration list for PBXNativeTarget "PlayingCardUITests" */ = {
			isa = XCConfigurationList;
			buildConfigurations = (
				6FC86338233CDC0400443FEB /* Debug */,
				6FC86339233CDC0400443FEB /* Release */,
			);
			defaultConfigurationIsVisible = 0;
			defaultConfigurationName = Release;
		};
/* End XCConfigurationList section */
	};
	rootObject = 6FC862FF233CDC0200443FEB /* Project object */;
}
